
Microsoft Visual Studio Solution File, Format Version 12.00
# Visual Studio Version 17
VisualStudioVersion = 17.9.34616.47
MinimumVisualStudioVersion = 10.0.40219.1
Project("{9A19103F-16F7-4668-BE54-9A1E7A4F7556}") = "GroovyBooks1", "GroovyBooks1\GroovyBooks1.csproj", "{C522B055-3E31-44C2-B625-E004D432AD04}"
EndProject
Project("{2150E333-8FDC-42A3-9474-1A3956D46DE8}") = "Pages", "Pages", "{DA8CEB99-4255-49F8-BAAF-8DC82E29C6B2}"
EndProject
Global
	GlobalSection(SolutionConfigurationPlatforms) = preSolution
		Debug|Any CPU = Debug|Any CPU
		Release|Any CPU = Release|Any CPU
	EndGlobalSection
	GlobalSection(ProjectConfigurationPlatforms) = postSolution
		{C522B055-3E31-44C2-B625-E004D432AD04}.Debug|Any CPU.ActiveCfg = Debug|Any CPU
		{C522B055-3E31-44C2-B625-E004D432AD04}.Debug|Any CPU.Build.0 = Debug|Any CPU
		{C522B055-3E31-44C2-B625-E004D432AD04}.Release|Any CPU.ActiveCfg = Release|Any CPU
		{C522B055-3E31-44C2-B625-E004D432AD04}.Release|Any CPU.Build.0 = Release|Any CPU
	EndGlobalSection
	GlobalSection(SolutionProperties) = preSolution
		HideSolutionNode = FALSE
	EndGlobalSection
	GlobalSection(ExtensibilityGlobals) = postSolution
		SolutionGuid = {B4A1741A-E34B-481E-96A8-9031B0EC119A}
	EndGlobalSection
EndGlobal
